
Microsoft Visual Studio Solution File, Format Version 12.00
# Visual Studio Version 17
VisualStudioVersion = 17.5.33502.453
MinimumVisualStudioVersion = 10.0.40219.1
Project("{FAE04EC0-301F-11D3-BF4B-00C04F79EFBC}") = "App32.Android", "App32\App32.Android\App32.Android.csproj", "{18AB8236-E1A0-4674-8EE9-DB28F1EEB637}"
EndProject
Project("{FAE04EC0-301F-11D3-BF4B-00C04F79EFBC}") = "App32", "App32\App32\App32.csproj", "{DEB898BE-1F3A-42DA-895F-F8C624BED4E1}"
EndProject
Global
	GlobalSection(SolutionConfigurationPlatforms) = preSolution
		Debug|Any CPU = Debug|Any CPU
		Release|Any CPU = Release|Any CPU
	EndGlobalSection
	GlobalSection(ProjectConfigurationPlatforms) = postSolution
		{18AB8236-E1A0-4674-8EE9-DB28F1EEB637}.Debug|Any CPU.ActiveCfg = Debug|Any CPU
		{18AB8236-E1A0-4674-8EE9-DB28F1EEB637}.Debug|Any CPU.Build.0 = Debug|Any CPU
		{18AB8236-E1A0-4674-8EE9-DB28F1EEB637}.Debug|Any CPU.Deploy.0 = Debug|Any CPU
		{18AB8236-E1A0-4674-8EE9-DB28F1EEB637}.Release|Any CPU.ActiveCfg = Release|Any CPU
		{18AB8236-E1A0-4674-8EE9-DB28F1EEB637}.Release|Any CPU.Build.0 = Release|Any CPU
		{18AB8236-E1A0-4674-8EE9-DB28F1EEB637}.Release|Any CPU.Deploy.0 = Release|Any CPU
		{DEB898BE-1F3A-42DA-895F-F8C624BED4E1}.Debug|Any CPU.ActiveCfg = Debug|Any CPU
		{DEB898BE-1F3A-42DA-895F-F8C624BED4E1}.Debug|Any CPU.Build.0 = Debug|Any CPU
		{DEB898BE-1F3A-42DA-895F-F8C624BED4E1}.Debug|Any CPU.Deploy.0 = Debug|Any CPU
		{DEB898BE-1F3A-42DA-895F-F8C624BED4E1}.Release|Any CPU.ActiveCfg = Release|Any CPU
		{DEB898BE-1F3A-42DA-895F-F8C624BED4E1}.Release|Any CPU.Build.0 = Release|Any CPU
		{DEB898BE-1F3A-42DA-895F-F8C624BED4E1}.Release|Any CPU.Deploy.0 = Release|Any CPU
	EndGlobalSection
	GlobalSection(SolutionProperties) = preSolution
		HideSolutionNode = FALSE
	EndGlobalSection
	GlobalSection(ExtensibilityGlobals) = postSolution
		SolutionGuid = {83639FF2-8FAA-4819-A448-E74F5CF502E4}
	EndGlobalSection
EndGlobal
